
Microsoft Visual Studio Solution File, Format Version 12.00
# Visual Studio 2015
Project("{FAE04EC0-301F-11D3-BF4B-00C04F79EFBC}") = "StoneAI", "StoneAI.csproj", "{CEA83327-8231-82D8-FF36-6F4BA1B88F89}"
EndProject
Project("{FAE04EC0-301F-11D3-BF4B-00C04F79EFBC}") = "StoneAI.Editor", "StoneAI.Editor.csproj", "{52CAC7DA-87D9-F968-4ACA-DFE9019F3127}"
EndProject
Global
	GlobalSection(SolutionConfigurationPlatforms) = preSolution
		Debug|Any CPU = Debug|Any CPU
		Release|Any CPU = Release|Any CPU
	EndGlobalSection
	GlobalSection(ProjectConfigurationPlatforms) = postSolution
		{CEA83327-8231-82D8-FF36-6F4BA1B88F89}.Debug|Any CPU.ActiveCfg = Debug|Any CPU
		{CEA83327-8231-82D8-FF36-6F4BA1B88F89}.Debug|Any CPU.Build.0 = Debug|Any CPU
		{CEA83327-8231-82D8-FF36-6F4BA1B88F89}.Release|Any CPU.ActiveCfg = Release|Any CPU
		{CEA83327-8231-82D8-FF36-6F4BA1B88F89}.Release|Any CPU.Build.0 = Release|Any CPU
		{52CAC7DA-87D9-F968-4ACA-DFE9019F3127}.Debug|Any CPU.ActiveCfg = Debug|Any CPU
		{52CAC7DA-87D9-F968-4ACA-DFE9019F3127}.Debug|Any CPU.Build.0 = Debug|Any CPU
		{52CAC7DA-87D9-F968-4ACA-DFE9019F3127}.Release|Any CPU.ActiveCfg = Release|Any CPU
		{52CAC7DA-87D9-F968-4ACA-DFE9019F3127}.Release|Any CPU.Build.0 = Release|Any CPU
	EndGlobalSection
	GlobalSection(SolutionProperties) = preSolution
		HideSolutionNode = FALSE
	EndGlobalSection
EndGlobal
